
Microsoft Visual Studio Solution File, Format Version 12.00
# Visual Studio Version 17
VisualStudioVersion = 17.0.32112.339
MinimumVisualStudioVersion = 10.0.40219.1
Project("{FAE04EC0-301F-11D3-BF4B-00C04F79EFBC}") = "BlogProject_W2022_Assignment3", "BlogProject_W2022_Assignment3\BlogProject_W2022_Assignment3.csproj", "{EAF30721-5264-43EC-A859-8C9AB4ABAFC9}"
EndProject
Global
	GlobalSection(SolutionConfigurationPlatforms) = preSolution
		Debug|Any CPU = Debug|Any CPU
		Release|Any CPU = Release|Any CPU
	EndGlobalSection
	GlobalSection(ProjectConfigurationPlatforms) = postSolution
		{EAF30721-5264-43EC-A859-8C9AB4ABAFC9}.Debug|Any CPU.ActiveCfg = Debug|Any CPU
		{EAF30721-5264-43EC-A859-8C9AB4ABAFC9}.Debug|Any CPU.Build.0 = Debug|Any CPU
		{EAF30721-5264-43EC-A859-8C9AB4ABAFC9}.Release|Any CPU.ActiveCfg = Release|Any CPU
		{EAF30721-5264-43EC-A859-8C9AB4ABAFC9}.Release|Any CPU.Build.0 = Release|Any CPU
	EndGlobalSection
	GlobalSection(SolutionProperties) = preSolution
		HideSolutionNode = FALSE
	EndGlobalSection
	GlobalSection(ExtensibilityGlobals) = postSolution
		SolutionGuid = {315966FE-31CE-4C6C-AFA3-6DDCA78A9AFE}
	EndGlobalSection
EndGlobal
